// !$*UTF8*$!
{
	archiveVersion = 1;
	classes = {
	};
	objectVersion = 50;
	objects = {

/* Begin PBXBuildFile section */
		8068550E21680292009DEEA4 /* AppDelegate.swift in Sources */ = {isa = PBXBuildFile; fileRef = 8068550D21680292009DEEA4 /* AppDelegate.swift */; };
		80685513216802A6009DEEA4 /* Main.storyboard in Resources */ = {isa = PBXBuildFile; fileRef = 80685511216802A6009DEEA4 /* Main.storyboard */; };
		80685515216802F3009DEEA4 /* Assets.xcassets in Resources */ = {isa = PBXBuildFile; fileRef = 80685514216802F3009DEEA4 /* Assets.xcassets */; };
		80685518216802F3009DEEA4 /* LaunchScreen.storyboard in Resources */ = {isa = PBXBuildFile; fileRef = 80685516216802F3009DEEA4 /* LaunchScreen.storyboard */; };
		80685523216806D9009DEEA4 /* MenuController.swift in Sources */ = {isa = PBXBuildFile; fileRef = 80685522216806D9009DEEA4 /* MenuController.swift */; };
		806855252168072F009DEEA4 /* ALaCarteTableViewController.swift in Sources */ = {isa = PBXBuildFile; fileRef = 806855242168072F009DEEA4 /* ALaCarteTableViewController.swift */; };
		8068552721680924009DEEA4 /* MonTabBarController.swift in Sources */ = {isa = PBXBuildFile; fileRef = 8068552621680924009DEEA4 /* MonTabBarController.swift */; };
		8068552A21680961009DEEA4 /* Constantes.swift in Sources */ = {isa = PBXBuildFile; fileRef = 8068552921680961009DEEA4 /* Constantes.swift */; };
		8068552C21680C47009DEEA4 /* MonNavController.swift in Sources */ = {isa = PBXBuildFile; fileRef = 8068552B21680C47009DEEA4 /* MonNavController.swift */; };
		8068552E216811DD009DEEA4 /* MenuCell.swift in Sources */ = {isa = PBXBuildFile; fileRef = 8068552D216811DD009DEEA4 /* MenuCell.swift */; };
		806855302168191F009DEEA4 /* Plat.swift in Sources */ = {isa = PBXBuildFile; fileRef = 8068552F2168191F009DEEA4 /* Plat.swift */; };
		8068553221681AAD009DEEA4 /* Enums.swift in Sources */ = {isa = PBXBuildFile; fileRef = 8068553121681AAD009DEEA4 /* Enums.swift */; };
		8068553421681D7B009DEEA4 /* Menu.swift in Sources */ = {isa = PBXBuildFile; fileRef = 8068553321681D7B009DEEA4 /* Menu.swift */; };
		8068553621681F55009DEEA4 /* LesPlats.swift in Sources */ = {isa = PBXBuildFile; fileRef = 8068553521681F55009DEEA4 /* LesPlats.swift */; };
/* End PBXBuildFile section */

/* Begin PBXFileReference section */
		8068550A2168027E009DEEA4 /* MonRestoDuMonde.app */ = {isa = PBXFileReference; explicitFileType = wrapper.application; includeInIndex = 0; path = MonRestoDuMonde.app; sourceTree = BUILT_PRODUCTS_DIR; };
		8068550D21680292009DEEA4 /* AppDelegate.swift */ = {isa = PBXFileReference; lastKnownFileType = sourcecode.swift; path = AppDelegate.swift; sourceTree = "<group>"; };
		80685512216802A6009DEEA4 /* Base */ = {isa = PBXFileReference; lastKnownFileType = file.storyboard; name = Base; path = Base.lproj/Main.storyboard; sourceTree = "<group>"; };
		80685514216802F3009DEEA4 /* Assets.xcassets */ = {isa = PBXFileReference; lastKnownFileType = folder.assetcatalog; path = Assets.xcassets; sourceTree = "<group>"; };
		80685517216802F3009DEEA4 /* Base */ = {isa = PBXFileReference; lastKnownFileType = file.storyboard; name = Base; path = Base.lproj/LaunchScreen.storyboard; sourceTree = "<group>"; };
		80685519216802F3009DEEA4 /* Info.plist */ = {isa = PBXFileReference; lastKnownFileType = text.plist.xml; path = Info.plist; sourceTree = "<group>"; };
		80685522216806D9009DEEA4 /* MenuController.swift */ = {isa = PBXFileReference; lastKnownFileType = sourcecode.swift; path = MenuController.swift; sourceTree = "<group>"; };
		806855242168072F009DEEA4 /* ALaCarteTableViewController.swift */ = {isa = PBXFileReference; lastKnownFileType = sourcecode.swift; path = ALaCarteTableViewController.swift; sourceTree = "<group>"; };
		8068552621680924009DEEA4 /* MonTabBarController.swift */ = {isa = PBXFileReference; lastKnownFileType = sourcecode.swift; path = MonTabBarController.swift; sourceTree = "<group>"; };
		8068552921680961009DEEA4 /* Constantes.swift */ = {isa = PBXFileReference; lastKnownFileType = sourcecode.swift; path = Constantes.swift; sourceTree = "<group>"; };
		8068552B21680C47009DEEA4 /* MonNavController.swift */ = {isa = PBXFileReference; lastKnownFileType = sourcecode.swift; path = MonNavController.swift; sourceTree = "<group>"; };
		8068552D216811DD009DEEA4 /* MenuCell.swift */ = {isa = PBXFileReference; lastKnownFileType = sourcecode.swift; path = MenuCell.swift; sourceTree = "<group>"; };
		8068552F2168191F009DEEA4 /* Plat.swift */ = {isa = PBXFileReference; lastKnownFileType = sourcecode.swift; path = Plat.swift; sourceTree = "<group>"; };
		8068553121681AAD009DEEA4 /* Enums.swift */ = {isa = PBXFileReference; lastKnownFileType = sourcecode.swift; path = Enums.swift; sourceTree = "<group>"; };
		8068553321681D7B009DEEA4 /* Menu.swift */ = {isa = PBXFileReference; lastKnownFileType = sourcecode.swift; path = Menu.swift; sourceTree = "<group>"; };
		8068553521681F55009DEEA4 /* LesPlats.swift */ = {isa = PBXFileReference; lastKnownFileType = sourcecode.swift; path = LesPlats.swift; sourceTree = "<group>"; };
/* End PBXFileReference section */

/* Begin PBXFrameworksBuildPhase section */
		806855072168027D009DEEA4 /* Frameworks */ = {
			isa = PBXFrameworksBuildPhase;
			buildActionMask = 2147483647;
			files = (
			);
			runOnlyForDeploymentPostprocessing = 0;
		};
/* End PBXFrameworksBuildPhase section */

/* Begin PBXGroup section */
		8068550121680274009DEEA4 = {
			isa = PBXGroup;
			children = (
				8068550C2168027F009DEEA4 /* MonRestoDuMonde */,
				8068550B2168027E009DEEA4 /* Products */,
			);
			sourceTree = "<group>";
		};
		8068550B2168027E009DEEA4 /* Products */ = {
			isa = PBXGroup;
			children = (
				8068550A2168027E009DEEA4 /* MonRestoDuMonde.app */,
			);
			name = Products;
			sourceTree = "<group>";
		};
		8068550C2168027F009DEEA4 /* MonRestoDuMonde */ = {
			isa = PBXGroup;
			children = (
				8068552821680934009DEEA4 /* Utilitaires */,
				8068551F21680648009DEEA4 /* Modele */,
				8068552021680665009DEEA4 /* Vue */,
				806855212168066E009DEEA4 /* Controlleur */,
				8068550D21680292009DEEA4 /* AppDelegate.swift */,
				80685511216802A6009DEEA4 /* Main.storyboard */,
				80685514216802F3009DEEA4 /* Assets.xcassets */,
				80685516216802F3009DEEA4 /* LaunchScreen.storyboard */,
				80685519216802F3009DEEA4 /* Info.plist */,
			);
			path = MonRestoDuMonde;
			sourceTree = "<group>";
		};
		8068551F21680648009DEEA4 /* Modele */ = {
			isa = PBXGroup;
			children = (
				8068552F2168191F009DEEA4 /* Plat.swift */,
				8068553121681AAD009DEEA4 /* Enums.swift */,
				8068553321681D7B009DEEA4 /* Menu.swift */,
				8068553521681F55009DEEA4 /* LesPlats.swift */,
			);
			path = Modele;
			sourceTree = "<group>";
		};
		8068552021680665009DEEA4 /* Vue */ = {
			isa = PBXGroup;
			children = (
				8068552D216811DD009DEEA4 /* MenuCell.swift */,
			);
			path = Vue;
			sourceTree = "<group>";
		};
		806855212168066E009DEEA4 /* Controlleur */ = {
			isa = PBXGroup;
			children = (
				80685522216806D9009DEEA4 /* MenuController.swift */,
				806855242168072F009DEEA4 /* ALaCarteTableViewController.swift */,
				8068552621680924009DEEA4 /* MonTabBarController.swift */,
				8068552B21680C47009DEEA4 /* MonNavController.swift */,
			);
			path = Controlleur;
			sourceTree = "<group>";
		};
		8068552821680934009DEEA4 /* Utilitaires */ = {
			isa = PBXGroup;
			children = (
				8068552921680961009DEEA4 /* Constantes.swift */,
			);
			path = Utilitaires;
			sourceTree = "<group>";
		};
/* End PBXGroup section */

/* Begin PBXNativeTarget section */
		806855092168027D009DEEA4 /* MonRestoDuMonde */ = {
			isa = PBXNativeTarget;
			buildConfigurationList = 8068551C216802F3009DEEA4 /* Build configuration list for PBXNativeTarget "MonRestoDuMonde" */;
			buildPhases = (
				806855062168027D009DEEA4 /* Sources */,
				806855072168027D009DEEA4 /* Frameworks */,
				806855082168027D009DEEA4 /* Resources */,
			);
			buildRules = (
			);
			dependencies = (
			);
			name = MonRestoDuMonde;
			productName = MonRestoDuMonde;
			productReference = 8068550A2168027E009DEEA4 /* MonRestoDuMonde.app */;
			productType = "com.apple.product-type.application";
		};
/* End PBXNativeTarget section */

/* Begin PBXProject section */
		8068550221680278009DEEA4 /* Project object */ = {
			isa = PBXProject;
			attributes = {
				LastSwiftUpdateCheck = 0930;
				LastUpgradeCheck = 0930;
				ORGANIZATIONNAME = "Gueye Gora";
				TargetAttributes = {
					806855092168027D009DEEA4 = {
						CreatedOnToolsVersion = 9.3.1;
					};
				};
			};
			buildConfigurationList = 8068550521680278009DEEA4 /* Build configuration list for PBXProject "MonRestoDuMonde" */;
			compatibilityVersion = "Xcode 9.3";
			developmentRegion = en;
			hasScannedForEncodings = 0;
			knownRegions = (
				en,
				Base,
			);
			mainGroup = 8068550121680274009DEEA4;
			productRefGroup = 8068550B2168027E009DEEA4 /* Products */;
			projectDirPath = "";
			projectRoot = "";
			targets = (
				806855092168027D009DEEA4 /* MonRestoDuMonde */,
			);
		};
/* End PBXProject section */

/* Begin PBXResourcesBuildPhase section */
		806855082168027D009DEEA4 /* Resources */ = {
			isa = PBXResourcesBuildPhase;
			buildActionMask = 2147483647;
			files = (
				80685518216802F3009DEEA4 /* LaunchScreen.storyboard in Resources */,
				80685515216802F3009DEEA4 /* Assets.xcassets in Resources */,
				80685513216802A6009DEEA4 /* Main.storyboard in Resources */,
			);
			runOnlyForDeploymentPostprocessing = 0;
		};
/* End PBXResourcesBuildPhase section */

/* Begin PBXSourcesBuildPhase section */
		806855062168027D009DEEA4 /* Sources */ = {
			isa = PBXSourcesBuildPhase;
			buildActionMask = 2147483647;
			files = (
				8068552E216811DD009DEEA4 /* MenuCell.swift in Sources */,
				8068552A21680961009DEEA4 /* Constantes.swift in Sources */,
				80685523216806D9009DEEA4 /* MenuController.swift in Sources */,
				8068552C21680C47009DEEA4 /* MonNavController.swift in Sources */,
				8068553421681D7B009DEEA4 /* Menu.swift in Sources */,
				8068550E21680292009DEEA4 /* AppDelegate.swift in Sources */,
				8068553621681F55009DEEA4 /* LesPlats.swift in Sources */,
				8068552721680924009DEEA4 /* MonTabBarController.swift in Sources */,
				806855302168191F009DEEA4 /* Plat.swift in Sources */,
				8068553221681AAD009DEEA4 /* Enums.swift in Sources */,
				806855252168072F009DEEA4 /* ALaCarteTableViewController.swift in Sources */,
			);
			runOnlyForDeploymentPostprocessing = 0;
		};
/* End PBXSourcesBuildPhase section */

/* Begin PBXVariantGroup section */
		80685511216802A6009DEEA4 /* Main.storyboard */ = {
			isa = PBXVariantGroup;
			children = (
				80685512216802A6009DEEA4 /* Base */,
			);
			name = Main.storyboard;
			sourceTree = "<group>";
		};
		80685516216802F3009DEEA4 /* LaunchScreen.storyboard */ = {
			isa = PBXVariantGroup;
			children = (
				80685517216802F3009DEEA4 /* Base */,
			);
			name = LaunchScreen.storyboard;
			sourceTree = "<group>";
		};
/* End PBXVariantGroup section */

/* Begin XCBuildConfiguration section */
		8068551A216802F3009DEEA4 /* Debug */ = {
			isa = XCBuildConfiguration;
			buildSettings = {
				ALWAYS_SEARCH_USER_PATHS = NO;
				CLANG_ANALYZER_NONNULL = YES;
				CLANG_ANALYZER_NUMBER_OBJECT_CONVERSION = YES_AGGRESSIVE;
				CLANG_CXX_LANGUAGE_STANDARD = "gnu++14";
				CLANG_CXX_LIBRARY = "libc++";
				CLANG_ENABLE_MODULES = YES;
				CLANG_ENABLE_OBJC_ARC = YES;
				CLANG_ENABLE_OBJC_WEAK = YES;
				CLANG_WARN_BLOCK_CAPTURE_AUTORELEASING = YES;
				CLANG_WARN_BOOL_CONVERSION = YES;
				CLANG_WARN_COMMA = YES;
				CLANG_WARN_CONSTANT_CONVERSION = YES;
				CLANG_WARN_DEPRECATED_OBJC_IMPLEMENTATIONS = YES;
				CLANG_WARN_DIRECT_OBJC_ISA_USAGE = YES_ERROR;
				CLANG_WARN_DOCUMENTATION_COMMENTS = YES;
				CLANG_WARN_EMPTY_BODY = YES;
				CLANG_WARN_ENUM_CONVERSION = YES;
				CLANG_WARN_INFINITE_RECURSION = YES;
				CLANG_WARN_INT_CONVERSION = YES;
				CLANG_WARN_NON_LITERAL_NULL_CONVERSION = YES;
				CLANG_WARN_OBJC_IMPLICIT_RETAIN_SELF = YES;
				CLANG_WARN_OBJC_LITERAL_CONVERSION = YES;
				CLANG_WARN_OBJC_ROOT_CLASS = YES_ERROR;
				CLANG_WARN_RANGE_LOOP_ANALYSIS = YES;
				CLANG_WARN_STRICT_PROTOTYPES = YES;
				CLANG_WARN_SUSPICIOUS_MOVE = YES;
				CLANG_WARN_UNGUARDED_AVAILABILITY = YES_AGGRESSIVE;
				CLANG_WARN_UNREACHABLE_CODE = YES;
				CLANG_WARN__DUPLICATE_METHOD_MATCH = YES;
				CODE_SIGN_IDENTITY = "iPhone Developer";
				COPY_PHASE_STRIP = NO;
				DEBUG_INFORMATION_FORMAT = dwarf;
				ENABLE_STRICT_OBJC_MSGSEND = YES;
				ENABLE_TESTABILITY = YES;
				GCC_C_LANGUAGE_STANDARD = gnu11;
				GCC_DYNAMIC_NO_PIC = NO;
				GCC_NO_COMMON_BLOCKS = YES;
				GCC_OPTIMIZATION_LEVEL = 0;
				GCC_PREPROCESSOR_DEFINITIONS = (
					"DEBUG=1",
					"$(inherited)",
				);
				GCC_WARN_64_TO_32_BIT_CONVERSION = YES;
				GCC_WARN_ABOUT_RETURN_TYPE = YES_ERROR;
				GCC_WARN_UNDECLARED_SELECTOR = YES;
				GCC_WARN_UNINITIALIZED_AUTOS = YES_AGGRESSIVE;
				GCC_WARN_UNUSED_FUNCTION = YES;
				GCC_WARN_UNUSED_VARIABLE = YES;
				IPHONEOS_DEPLOYMENT_TARGET = 11.3;
				MTL_ENABLE_DEBUG_INFO = YES;
				ONLY_ACTIVE_ARCH = YES;
				SDKROOT = iphoneos;
				SWIFT_ACTIVE_COMPILATION_CONDITIONS = DEBUG;
				SWIFT_OPTIMIZATION_LEVEL = "-Onone";
			};
			name = Debug;
		};
		8068551B216802F3009DEEA4 /* Release */ = {
			isa = XCBuildConfiguration;
			buildSettings = {
				ALWAYS_SEARCH_USER_PATHS = NO;
				CLANG_ANALYZER_NONNULL = YES;
				CLANG_ANALYZER_NUMBER_OBJECT_CONVERSION = YES_AGGRESSIVE;
				CLANG_CXX_LANGUAGE_STANDARD = "gnu++14";
				CLANG_CXX_LIBRARY = "libc++";
				CLANG_ENABLE_MODULES = YES;
				CLANG_ENABLE_OBJC_ARC = YES;
				CLANG_ENABLE_OBJC_WEAK = YES;
				CLANG_WARN_BLOCK_CAPTURE_AUTORELEASING = YES;
				CLANG_WARN_BOOL_CONVERSION = YES;
				CLANG_WARN_COMMA = YES;
				CLANG_WARN_CONSTANT_CONVERSION = YES;
				CLANG_WARN_DEPRECATED_OBJC_IMPLEMENTATIONS = YES;
				CLANG_WARN_DIRECT_OBJC_ISA_USAGE = YES_ERROR;
				CLANG_WARN_DOCUMENTATION_COMMENTS = YES;
				CLANG_WARN_EMPTY_BODY = YES;
				CLANG_WARN_ENUM_CONVERSION = YES;
				CLANG_WARN_INFINITE_RECURSION = YES;
				CLANG_WARN_INT_CONVERSION = YES;
				CLANG_WARN_NON_LITERAL_NULL_CONVERSION = YES;
				CLANG_WARN_OBJC_IMPLICIT_RETAIN_SELF = YES;
				CLANG_WARN_OBJC_LITERAL_CONVERSION = YES;
				CLANG_WARN_OBJC_ROOT_CLASS = YES_ERROR;
				CLANG_WARN_RANGE_LOOP_ANALYSIS = YES;
				CLANG_WARN_STRICT_PROTOTYPES = YES;
				CLANG_WARN_SUSPICIOUS_MOVE = YES;
				CLANG_WARN_UNGUARDED_AVAILABILITY = YES_AGGRESSIVE;
				CLANG_WARN_UNREACHABLE_CODE = YES;
				CLANG_WARN__DUPLICATE_METHOD_MATCH = YES;
				CODE_SIGN_IDENTITY = "iPhone Developer";
				COPY_PHASE_STRIP = NO;
				DEBUG_INFORMATION_FORMAT = "dwarf-with-dsym";
				ENABLE_NS_ASSERTIONS = NO;
				ENABLE_STRICT_OBJC_MSGSEND = YES;
				GCC_C_LANGUAGE_STANDARD = gnu11;
				GCC_NO_COMMON_BLOCKS = YES;
				GCC_WARN_64_TO_32_BIT_CONVERSION = YES;
				GCC_WARN_ABOUT_RETURN_TYPE = YES_ERROR;
				GCC_WARN_UNDECLARED_SELECTOR = YES;
				GCC_WARN_UNINITIALIZED_AUTOS = YES_AGGRESSIVE;
				GCC_WARN_UNUSED_FUNCTION = YES;
				GCC_WARN_UNUSED_VARIABLE = YES;
				IPHONEOS_DEPLOYMENT_TARGET = 11.3;
				MTL_ENABLE_DEBUG_INFO = NO;
				SDKROOT = iphoneos;
				SWIFT_COMPILATION_MODE = wholemodule;
				SWIFT_OPTIMIZATION_LEVEL = "-O";
				VALIDATE_PRODUCT = YES;
			};
			name = Release;
		};
		8068551D216802F3009DEEA4 /* Debug */ = {
			isa = XCBuildConfiguration;
			buildSettings = {
				ASSETCATALOG_COMPILER_APPICON_NAME = AppIcon;
				CODE_SIGN_STYLE = Automatic;
				INFOPLIST_FILE = MonRestoDuMonde/Info.plist;
				LD_RUNPATH_SEARCH_PATHS = (
					"$(inherited)",
					"@executable_path/Frameworks",
				);
				PRODUCT_BUNDLE_IDENTIFIER = Onebloc.sn.MonRestoDuMonde;
				PRODUCT_NAME = "$(TARGET_NAME)";
				SWIFT_VERSION = 4.0;
				TARGETED_DEVICE_FAMILY = "1,2";
			};
			name = Debug;
		};
		8068551E216802F3009DEEA4 /* Release */ = {
			isa = XCBuildConfiguration;
			buildSettings = {
				ASSETCATALOG_COMPILER_APPICON_NAME = AppIcon;
				CODE_SIGN_STYLE = Automatic;
				INFOPLIST_FILE = MonRestoDuMonde/Info.plist;
				LD_RUNPATH_SEARCH_PATHS = (
					"$(inherited)",
					"@executable_path/Frameworks",
				);
				PRODUCT_BUNDLE_IDENTIFIER = Onebloc.sn.MonRestoDuMonde;
				PRODUCT_NAME = "$(TARGET_NAME)";
				SWIFT_VERSION = 4.0;
				TARGETED_DEVICE_FAMILY = "1,2";
			};
			name = Release;
		};
/* End XCBuildConfiguration section */

/* Begin XCConfigurationList section */
		8068550521680278009DEEA4 /* Build configuration list for PBXProject "MonRestoDuMonde" */ = {
			isa = XCConfigurationList;
			buildConfigurations = (
				8068551A216802F3009DEEA4 /* Debug */,
				8068551B216802F3009DEEA4 /* Release */,
			);
			defaultConfigurationIsVisible = 0;
			defaultConfigurationName = Release;
		};
		8068551C216802F3009DEEA4 /* Build configuration list for PBXNativeTarget "MonRestoDuMonde" */ = {
			isa = XCConfigurationList;
			buildConfigurations = (
				8068551D216802F3009DEEA4 /* Debug */,
				8068551E216802F3009DEEA4 /* Release */,
			);
			defaultConfigurationIsVisible = 0;
			defaultConfigurationName = Release;
		};
/* End XCConfigurationList section */
	};
	rootObject = 8068550221680278009DEEA4 /* Project object */;
}
